<?xml version="1.0" encoding="utf-8"?>
<Project ToolsVersion="4.0" xmlns="http://schemas.microsoft.com/developer/msbuild/2003">
  <ItemGroup>
    <Filter Include="Source Files">
      <UniqueIdentifier>{4FC737F1-C7A5-4376-A066-2A32D752A2FF}</UniqueIdentifier>
      <Extensions>cpp;c;cc;cxx;c++;cppm;ixx;def;odl;idl;hpj;bat;asm;asmx</Extensions>
    </Filter>
    <Filter Include="Header Files">
      <UniqueIdentifier>{93995380-89BD-4b04-88EB-625FBE52EBFB}</UniqueIdentifier>
      <Extensions>h;hh;hpp;hxx;h++;hm;inl;inc;ipp;xsd</Extensions>
    </Filter>
    <Filter Include="Resource Files">
      <UniqueIdentifier>{67DA6AB6-F800-4c08-8B7A-83BB121AAD01}</UniqueIdentifier>
      <Extensions>rc;ico;cur;bmp;dlg;rc2;rct;bin;rgs;gif;jpg;jpeg;jpe;resx;tiff;tif;png;wav;mfcribbon-ms</Extensions>
    </Filter>
    <Filter Include="Resource Files\Shaders">
      <UniqueIdentifier>{52c38847-f4b6-46be-981e-94da2c25e118}</UniqueIdentifier>
    </Filter>
    <Filter Include="Resource Files\Textures">
      <UniqueIdentifier>{6ba63ae1-136f-42c2-ad06-5933792f7306}</UniqueIdentifier>
    </Filter>
    <Filter Include="Header Files\utils">
      <UniqueIdentifier>{f4707167-4efc-4b11-adeb-383dc43b6923}</UniqueIdentifier>
    </Filter>
    <Filter Include="Source Files\utils">
      <UniqueIdentifier>{b6fcc36b-d0e2-4176-a46e-1fedf30e1e41}</UniqueIdentifier>
    </Filter>
    <Filter Include="Libraries">
      <UniqueIdentifier>{822eb44d-758b-4375-a5f4-1a79a09107ce}</UniqueIdentifier>
    </Filter>
    <Filter Include="Libraries\imgui">
      <UniqueIdentifier>{8b9a45a1-fd00-4a39-b77a-62689ae172d1}</UniqueIdentifier>
    </Filter>
    <Filter Include="Header Files\Core">
      <UniqueIdentifier>{1a239f22-450c-4dd1-8747-b3a8081ec797}</UniqueIdentifier>
    </Filter>
    <Filter Include="Source Files\Core">
      <UniqueIdentifier>{303f769e-afdf-43fe-948d-5bc3e238d817}</UniqueIdentifier>
    </Filter>
    <Filter Include="Header Files\Systems">
      <UniqueIdentifier>{eb91a3d1-952b-43e0-8ce7-e5e05a5f28a6}</UniqueIdentifier>
    </Filter>
    <Filter Include="Source Files\Systems">
      <UniqueIdentifier>{8f51e4b8-8a13-46be-aea2-cf3b7ba98888}</UniqueIdentifier>
    </Filter>
    <Filter Include="Header Files\Components">
      <UniqueIdentifier>{5fde2697-8a95-49f7-9ec1-8b8103f0f0ac}</UniqueIdentifier>
    </Filter>
    <Filter Include="Source Files\Components">
      <UniqueIdentifier>{ec0b5e49-571b-42d0-84cd-fa70d9bc390c}</UniqueIdentifier>
    </Filter>
    <Filter Include="Header Files\Systems\GraphicsSystem">
      <UniqueIdentifier>{71070843-7977-4454-8cd4-4b468f6cc39a}</UniqueIdentifier>
    </Filter>
    <Filter Include="Source Files\Systems\GraphicsSystem">
      <UniqueIdentifier>{fd8404e3-0466-46eb-8922-bceaea6e7d3d}</UniqueIdentifier>
    </Filter>
    <Filter Include="Header Files\Components\ModelComponent">
      <UniqueIdentifier>{ce4434d4-a60b-48b3-86b6-59a3464baa26}</UniqueIdentifier>
    </Filter>
    <Filter Include="Source Files\Components\ModelComponent">
      <UniqueIdentifier>{47ac4824-200f-4a94-b3b7-78334ee02c82}</UniqueIdentifier>
    </Filter>
    <Filter Include="Source Files\Components\TransformComponent">
      <UniqueIdentifier>{c7cc940f-1b78-4601-9ad5-4252aa171215}</UniqueIdentifier>
    </Filter>
    <Filter Include="pch">
      <UniqueIdentifier>{58100f30-f7f0-4803-a31b-f1808e52c055}</UniqueIdentifier>
    </Filter>
    <Filter Include="Header Files\Systems\ProfileSystem">
      <UniqueIdentifier>{059d2f0c-954f-4836-871b-6751bc96f9d7}</UniqueIdentifier>
    </Filter>
    <Filter Include="Source Files\Systems\FramerateControlSystem">
      <UniqueIdentifier>{a5d6a727-e287-439f-b469-0b9b8267b84d}</UniqueIdentifier>
    </Filter>
    <Filter Include="Source Files\Systems\ProfileSystem">
      <UniqueIdentifier>{655826a7-2d22-45cc-8e97-f7123033b29c}</UniqueIdentifier>
    </Filter>
    <Filter Include="Header Files\Systems\InputSystem">
      <UniqueIdentifier>{2a99729d-8391-4fcd-aa9f-9a88c6de7ede}</UniqueIdentifier>
    </Filter>
    <Filter Include="Source Files\Systems\InputSystem">
      <UniqueIdentifier>{d551e3a1-2a37-40ef-b728-a322870aa267}</UniqueIdentifier>
    </Filter>
    <Filter Include="Resource Files\Shaders\Skybox">
      <UniqueIdentifier>{080e58ef-a4dc-4af7-bff2-9093e452e1df}</UniqueIdentifier>
    </Filter>
    <Filter Include="Header Files\Systems\GraphicsSystem\Skybox">
      <UniqueIdentifier>{18301ecd-167d-48d6-824b-56afc235fd06}</UniqueIdentifier>
    </Filter>
    <Filter Include="Source Files\Systems\GraphicsSystem\Skybox">
      <UniqueIdentifier>{e68b0caa-9ccd-4b68-8df5-4322316fac56}</UniqueIdentifier>
    </Filter>
    <Filter Include="Header Files\Core\FramerateControlSystem">
      <UniqueIdentifier>{961d484c-1132-4369-bf6b-db1434790d04}</UniqueIdentifier>
    </Filter>
    <Filter Include="Source Files\Systems\UISystem">
      <UniqueIdentifier>{29aff84a-a343-444e-b8cc-45e351509757}</UniqueIdentifier>
    </Filter>
    <Filter Include="Header Files\Systems\UISystem">
      <UniqueIdentifier>{eedac892-c5eb-4e8f-a908-71e928764f35}</UniqueIdentifier>
    </Filter>
    <Filter Include="Source Files\Systems\CommandSystem">
      <UniqueIdentifier>{fd9a67d8-1de2-4829-92b0-f93b81276d8b}</UniqueIdentifier>
    </Filter>
    <Filter Include="Header Files\Systems\CommandSystem">
      <UniqueIdentifier>{9e9809f4-92c9-4d9e-9e93-7a5ba3bcaa69}</UniqueIdentifier>
    </Filter>
    <Filter Include="Header Files\Components\TransformComponent">
      <UniqueIdentifier>{2b4889c9-fcd9-4b3b-8d86-a6696199246e}</UniqueIdentifier>
    </Filter>
    <Filter Include="Header Files\Components\MaterialComponent">
      <UniqueIdentifier>{9e342526-e1ec-4bad-8f53-891aed0231c5}</UniqueIdentifier>
    </Filter>
    <Filter Include="Source Files\Components\MaterialComponent">
      <UniqueIdentifier>{10cd5eea-e284-44d5-8217-07d4587bae7a}</UniqueIdentifier>
    </Filter>
    <Filter Include="Header Files\Systems\AudioSystem">
      <UniqueIdentifier>{22b23813-30b1-44be-a26c-3a3148cd3cd7}</UniqueIdentifier>
    </Filter>
    <Filter Include="Source Files\Systems\AudioSystem">
      <UniqueIdentifier>{04902f60-34e1-494e-b4d8-c10bdd5f50a1}</UniqueIdentifier>
    </Filter>
    <Filter Include="Header Files\Components\LightComponent">
      <UniqueIdentifier>{4d09ecab-f7ff-41ba-bbd5-ce5ee32f8e3b}</UniqueIdentifier>
    </Filter>
    <Filter Include="Source Files\Components\LightComponent">
      <UniqueIdentifier>{dc9cca7b-040d-42a6-ac83-dce64c75e493}</UniqueIdentifier>
    </Filter>
    <Filter Include="Header Files\Systems\GraphicsSystem\DeferredRenderer">
      <UniqueIdentifier>{0112eb09-6a0b-43cb-a57b-5c4aecec37c2}</UniqueIdentifier>
    </Filter>
    <Filter Include="Source Files\Systems\GraphicsSystem\DeferredRenderer">
      <UniqueIdentifier>{e92510f6-d3b6-4ddd-a582-c075fb229a9a}</UniqueIdentifier>
    </Filter>
    <Filter Include="Resource Files\Shaders\DeferredRenderer">
      <UniqueIdentifier>{da698507-c5c2-4829-a289-f9a259aac7c9}</UniqueIdentifier>
    </Filter>
    <Filter Include="Header Files\Components\RoutineComponent">
      <UniqueIdentifier>{4c3d047e-b558-4bd5-8443-e2fa237eaa1d}</UniqueIdentifier>
    </Filter>
    <Filter Include="Source Files\Components\RoutineComponent">
      <UniqueIdentifier>{a641a787-14a7-42fd-9b43-167fe576cf9e}</UniqueIdentifier>
    </Filter>
    <Filter Include="Resource Files\Scripts">
      <UniqueIdentifier>{babe7050-7384-47b7-a857-823f2f0fa5a4}</UniqueIdentifier>
    </Filter>
    <Filter Include="Header Files\Systems\ScriptSystem">
      <UniqueIdentifier>{71857346-95df-4347-9750-96a52bc59b2a}</UniqueIdentifier>
    </Filter>
    <Filter Include="Source Files\Systems\ScriptSystem">
      <UniqueIdentifier>{360e0d18-7e70-4fd1-93e2-b870d53a068e}</UniqueIdentifier>
    </Filter>
    <Filter Include="Header Files\Components\GameLogicCatagoryComponent">
      <UniqueIdentifier>{1dad89c4-adf2-4a71-b54b-0a1bb1019505}</UniqueIdentifier>
    </Filter>
    <Filter Include="Source Files\Components\GameLogicCategoryComponent">
      <UniqueIdentifier>{201342ec-5d6f-4b13-ba41-fb096ab3d983}</UniqueIdentifier>
    </Filter>
    <Filter Include="Source Files\Systems\EntitySystem">
      <UniqueIdentifier>{cf862845-5463-4ee0-ac79-1aafec6347a9}</UniqueIdentifier>
    </Filter>
    <Filter Include="Header Files\Systems\EntitySystem">
      <UniqueIdentifier>{0afd1664-23f2-40a1-9b2a-5ac954a1e550}</UniqueIdentifier>
    </Filter>
    <Filter Include="Source Files\Systems\GraphicsSystem\Shadow">
      <UniqueIdentifier>{aa46e90f-eb0f-44c8-93e9-18a33ca36303}</UniqueIdentifier>
    </Filter>
    <Filter Include="Header Files\Systems\GraphicsSystem\Shadow">
      <UniqueIdentifier>{eab7ae65-4ee5-4def-b5c4-64f5a9d34509}</UniqueIdentifier>
    </Filter>
    <Filter Include="Resource Files\Shaders\Shadow">
      <UniqueIdentifier>{6eb41cad-0fd5-4b53-9be2-622987e0d771}</UniqueIdentifier>
    </Filter>
    <Filter Include="Header Files\Systems\GraphicsSystem\PostProcess">
      <UniqueIdentifier>{6994a329-d7b3-4f36-bc3e-d3c2dfe7b8ea}</UniqueIdentifier>
    </Filter>
    <Filter Include="Source Files\Systems\GraphicsSystem\PostProcess">
      <UniqueIdentifier>{8a16b8b3-0ad7-420b-b877-5f2811953458}</UniqueIdentifier>
    </Filter>
    <Filter Include="Resource Files\Shaders\PostProcess">
      <UniqueIdentifier>{25aa4165-3038-4aeb-b4c7-50cc10773a5d}</UniqueIdentifier>
    </Filter>
    <Filter Include="Resource Files\Shaders\DebugRender">
      <UniqueIdentifier>{37077e0d-6e08-47a3-9d21-62cc4e1b3789}</UniqueIdentifier>
    </Filter>
    <Filter Include="Source Files\Systems\GraphicsSystem\DebugRender">
      <UniqueIdentifier>{17a6709a-357e-481c-b5a0-a4eef0b45a82}</UniqueIdentifier>
    </Filter>
    <Filter Include="Header Files\Systems\GraphicsSystem\DebugRender">
      <UniqueIdentifier>{e36491d0-281f-49be-b371-f8aaa0f96113}</UniqueIdentifier>
    </Filter>
    <Filter Include="Resource Files\Levels">
      <UniqueIdentifier>{612aa5d4-f79d-4190-990c-0206d9898772}</UniqueIdentifier>
    </Filter>
    <Filter Include="Header Files\Systems\SceneSystem">
      <UniqueIdentifier>{9a5641ae-c20d-426c-a5d1-48ec0232d1ca}</UniqueIdentifier>
    </Filter>
    <Filter Include="Source Files\Systems\SceneSystem">
      <UniqueIdentifier>{00daabd3-a98e-4360-bfbe-96edbcb3fd32}</UniqueIdentifier>
    </Filter>
  </ItemGroup>
  <ItemGroup>
    <Image Include="Assets\Textures\brick.png">
      <Filter>Resource Files\Textures</Filter>
    </Image>
    <Image Include="Assets\Textures\planks.png">
      <Filter>Resource Files\Textures</Filter>
    </Image>
    <Image Include="Assets\Textures\planksSpec.png">
      <Filter>Resource Files\Textures</Filter>
    </Image>
    <Image Include="Assets\Textures\popcat.png">
      <Filter>Resource Files\Textures</Filter>
    </Image>
  </ItemGroup>
  <ItemGroup>
    <None Include="Skybox.shader">
      <Filter>Resource Files\Shaders\Skybox</Filter>
    </None>
    <None Include="Source\Shaders\basic.shader">
      <Filter>Resource Files\Shaders</Filter>
    </None>
    <None Include="Source\Shaders\basicPBR.shader">
      <Filter>Resource Files\Shaders</Filter>
    </None>
    <None Include="Source\Shaders\LightSource.shader">
      <Filter>Resource Files\Shaders</Filter>
    </None>
    <None Include="Source\Shaders\DeferredRenderer\DeferredLighting.shader">
      <Filter>Resource Files\Shaders\DeferredRenderer</Filter>
    </None>
    <None Include="Source\Shaders\DeferredRenderer\Fill_G_Buffer.shader">
      <Filter>Resource Files\Shaders\DeferredRenderer</Filter>
    </None>
    <None Include="Assets\Scripts\FirstScript.lua">
      <Filter>Resource Files\Scripts</Filter>
    </None>
    <None Include="Assets\Scripts\DoLionThings.lua">
      <Filter>Resource Files\Scripts</Filter>
    </None>
    <None Include="Assets\Scripts\DoLightThings.lua">
      <Filter>Resource Files\Scripts</Filter>
    </None>
    <None Include="Assets\Scripts\DoEverything.lua">
      <Filter>Resource Files\Scripts</Filter>
    </None>
    <None Include="Source\Shaders\Shadow\DefaultShadowMap.shader">
      <Filter>Resource Files\Shaders\Shadow</Filter>
    </None>
    <None Include="Assets\Scripts\DoPokeballThings.lua">
      <Filter>Resource Files\Scripts</Filter>
    </None>
    <None Include="Source\Shaders\PostProcess\PostProcess.shader">
      <Filter>Resource Files\Shaders\PostProcess</Filter>
    </None>
    <None Include="Assets\Scripts\Menu.lua">
      <Filter>Resource Files\Scripts</Filter>
    </None>
    <None Include="Source\Shaders\DeferredRenderer\Cel.shader">
      <Filter>Resource Files\Shaders\DeferredRenderer</Filter>
    </None>
    <None Include="Source\Shaders\DebugRender\NormalVec.shader">
      <Filter>Resource Files\Shaders\DebugRender</Filter>
    </None>
    <None Include="Assets\Levels\levels.json">
      <Filter>Resource Files\Levels</Filter>
    </None>
    <None Include="Assets\Levels\gameObjects.json">
      <Filter>Resource Files\Levels</Filter>
    </None>
  </ItemGroup>
  <ItemGroup>
    <ClInclude Include="Source\utils\Log.h">
      <Filter>Header Files\utils</Filter>
    </ClInclude>
    <ClInclude Include="Source\Core\Engine.h">
      <Filter>Header Files\Core</Filter>
    </ClInclude>
    <ClInclude Include="Source\Core\System.h">
      <Filter>Header Files\Core</Filter>
    </ClInclude>
    <ClInclude Include="Source\Systems\GraphicsSystem\GraphicsSystem.h">
      <Filter>Header Files\Systems\GraphicsSystem</Filter>
    </ClInclude>
    <ClInclude Include="Source\Core\Shader.h">
      <Filter>Header Files\Core</Filter>
    </ClInclude>
    <ClInclude Include="Source\Core\Texture.h">
      <Filter>Header Files\Core</Filter>
    </ClInclude>
    <ClInclude Include="Source\Core\Camera.h">
      <Filter>Header Files\Core</Filter>
    </ClInclude>
    <ClInclude Include="Source\pch\pch.h">
      <Filter>pch</Filter>
    </ClInclude>
    <ClInclude Include="Libraries\include\imgui\imconfig.h">
      <Filter>Libraries\imgui</Filter>
    </ClInclude>
    <ClInclude Include="Libraries\include\imgui\imgui.h">
      <Filter>Libraries\imgui</Filter>
    </ClInclude>
    <ClInclude Include="Libraries\include\imgui\imgui_impl_glfw.h">
      <Filter>Libraries\imgui</Filter>
    </ClInclude>
    <ClInclude Include="Libraries\include\imgui\imgui_impl_opengl3.h">
      <Filter>Libraries\imgui</Filter>
    </ClInclude>
    <ClInclude Include="Libraries\include\imgui\imgui_impl_opengl3_loader.h">
      <Filter>Libraries\imgui</Filter>
    </ClInclude>
    <ClInclude Include="Libraries\include\imgui\imgui_internal.h">
      <Filter>Libraries\imgui</Filter>
    </ClInclude>
    <ClInclude Include="Libraries\include\imgui\imstb_rectpack.h">
      <Filter>Libraries\imgui</Filter>
    </ClInclude>
    <ClInclude Include="Libraries\include\imgui\imstb_textedit.h">
      <Filter>Libraries\imgui</Filter>
    </ClInclude>
    <ClInclude Include="Libraries\include\imgui\imstb_truetype.h">
      <Filter>Libraries\imgui</Filter>
    </ClInclude>
    <ClInclude Include="Source\Core\FramerateControlSystem\FramerateController.h">
      <Filter>Header Files\Core\FramerateControlSystem</Filter>
    </ClInclude>
    <ClInclude Include="Source\Core\FramerateControlSystem\RunningAverage.h">
      <Filter>Header Files\Core\FramerateControlSystem</Filter>
    </ClInclude>
    <ClInclude Include="Source\Systems\InputSystem\InputManager.h">
      <Filter>Header Files\Systems\InputSystem</Filter>
    </ClInclude>
    <ClInclude Include="Source\Systems\ProfileSystem\ProfileSystem.h">
      <Filter>Header Files\Systems\ProfileSystem</Filter>
    </ClInclude>
    <ClInclude Include="Source\Systems\UISystem\UISystem.h">
      <Filter>Header Files\Systems\UISystem</Filter>
    </ClInclude>
    <ClInclude Include="Source\utils\VQS.h">
      <Filter>Header Files\utils</Filter>
    </ClInclude>
    <ClInclude Include="Source\utils\Timer.h">
      <Filter>Header Files\utils</Filter>
    </ClInclude>
    <ClInclude Include="Source\Components\ModelComponent\ModelComponent.h">
      <Filter>Header Files\Components\ModelComponent</Filter>
    </ClInclude>
    <ClInclude Include="Source\Core\ComponentPool.h">
      <Filter>Header Files\Core</Filter>
    </ClInclude>
    <ClInclude Include="Source\Core\MemoryPool.h">
      <Filter>Header Files\Core</Filter>
    </ClInclude>
    <ClInclude Include="Source\Core\Enums.h">
      <Filter>Header Files\Core</Filter>
    </ClInclude>
    <ClInclude Include="Source\Systems\GraphicsSystem\Skybox\Skybox.h">
      <Filter>Header Files\Systems\GraphicsSystem\Skybox</Filter>
    </ClInclude>
    <ClInclude Include="Source\Core\ResourceManager.h">
      <Filter>Header Files\Core</Filter>
    </ClInclude>
    <ClInclude Include="Source\Systems\CommandSystem\Command.h">
      <Filter>Header Files\Systems\InputSystem</Filter>
    </ClInclude>
    <ClInclude Include="Source\Systems\CommandSystem\CommandSystem.h">
      <Filter>Header Files\Systems\CommandSystem</Filter>
    </ClInclude>
    <ClInclude Include="Source\Systems\CommandSystem\DirectionCommand.h">
      <Filter>Header Files</Filter>
    </ClInclude>
    <ClInclude Include="Source\Core\IndexBuffer.h">
      <Filter>Header Files\Core</Filter>
    </ClInclude>
    <ClInclude Include="Source\Core\Mesh.h">
      <Filter>Header Files\Core</Filter>
    </ClInclude>
    <ClInclude Include="Source\Core\VertexBuffer.h">
      <Filter>Header Files\Core</Filter>
    </ClInclude>
    <ClInclude Include="Source\Core\Model.h">
      <Filter>Header Files\Core</Filter>
    </ClInclude>
    <ClInclude Include="Source\Components\TransformComponent\TransformComponent.h">
      <Filter>Header Files\Components\TransformComponent</Filter>
    </ClInclude>
    <ClInclude Include="Source\Components\MaterialComponent\Material.h">
      <Filter>Header Files\Components\MaterialComponent</Filter>
    </ClInclude>
    <ClInclude Include="Source\Components\MaterialComponent\MaterialComponent.h">
      <Filter>Header Files\Components\MaterialComponent</Filter>
    </ClInclude>
    <ClInclude Include="Source\Systems\AudioSystem\AudioSystem.h">
      <Filter>Header Files\Systems\AudioSystem</Filter>
    </ClInclude>
    <ClInclude Include="Source\utils\common.h">
      <Filter>Header Files\utils</Filter>
    </ClInclude>
    <ClInclude Include="Source\utils\common_platform.h">
      <Filter>Header Files\utils</Filter>
    </ClInclude>
    <ClInclude Include="Source\Components\LightComponent\Light.h">
      <Filter>Header Files\Components\LightComponent</Filter>
    </ClInclude>
    <ClInclude Include="Source\Components\LightComponent\LightComponent.h">
      <Filter>Header Files\Components\LightComponent</Filter>
    </ClInclude>
    <ClInclude Include="Source\Systems\GraphicsSystem\Quad.h">
      <Filter>Header Files\Systems\GraphicsSystem</Filter>
    </ClInclude>
    <ClInclude Include="Source\Systems\GraphicsSystem\DeferredRenderer\DeferredRenderer.h">
      <Filter>Header Files\Systems\GraphicsSystem\DeferredRenderer</Filter>
    </ClInclude>
    <ClInclude Include="Source\Components\RoutineComponent\Routine.h">
      <Filter>Header Files\Components\RoutineComponent</Filter>
    </ClInclude>
    <ClInclude Include="Source\Components\RoutineComponent\RoutineList.h">
      <Filter>Header Files\Components\RoutineComponent</Filter>
    </ClInclude>
    <ClInclude Include="Source\Components\RoutineComponent\LeftRight.h">
      <Filter>Header Files\Components\RoutineComponent</Filter>
    </ClInclude>
    <ClInclude Include="Source\Components\RoutineComponent\RoutineComponent.h">
      <Filter>Header Files\Components\RoutineComponent</Filter>
    </ClInclude>
    <ClInclude Include="Source\Systems\ScriptSystem\ScriptSystem.h">
      <Filter>Header Files\Systems\ScriptSystem</Filter>
    </ClInclude>
    <ClInclude Include="Source\Components\GameLogicCategoryComponent\GameLogicCategoryComponent.h">
      <Filter>Header Files\Components\GameLogicCatagoryComponent</Filter>
    </ClInclude>
    <ClInclude Include="Source\utils\SerializationHelper.h">
      <Filter>Header Files\utils</Filter>
    </ClInclude>
    <ClInclude Include="Source\Core\GameObjectFactory.h">
      <Filter>Header Files\Core</Filter>
    </ClInclude>
    <ClInclude Include="Source\Systems\EntitySystem\EntitySystem.h">
      <Filter>Header Files\Systems\EntitySystem</Filter>
    </ClInclude>
    <ClInclude Include="Source\Systems\GraphicsSystem\Shadow\Shadow.h">
      <Filter>Header Files\Systems\GraphicsSystem\Shadow</Filter>
    </ClInclude>
    <ClInclude Include="Source\Systems\GraphicsSystem\FBO.h">
      <Filter>Header Files\Systems\GraphicsSystem</Filter>
    </ClInclude>
    <ClInclude Include="Source\Systems\GraphicsSystem\PostProcess\PostProcess.h">
      <Filter>Header Files\Systems\GraphicsSystem\PostProcess</Filter>
    </ClInclude>
    <ClInclude Include="Source\Systems\GraphicsSystem\DebugRender\DebugRender.h">
      <Filter>Header Files\Systems\GraphicsSystem\DebugRender</Filter>
    </ClInclude>
    <ClInclude Include="Source\utils\JsonFile.h">
      <Filter>Header Files</Filter>
    </ClInclude>
    <ClInclude Include="Source\Systems\SceneSystem\SceneSystem.h">
      <Filter>Header Files\Systems\SceneSystem</Filter>
    </ClInclude>
    <ClInclude Include="Source\Components\PhysicsComponent\MovingBodyComponent.h">
      <Filter>Header Files</Filter>
    </ClInclude>
    <ClInclude Include="Source\Components\PhysicsComponent\StillBodyComponent.h">
      <Filter>Header Files</Filter>
    </ClInclude>
    <ClInclude Include="Source\Components\PhysicsComponent\Collider.h">
      <Filter>Header Files</Filter>
    </ClInclude>
    <ClInclude Include="Source\Components\PhysicsComponent\RigidBody.h">
      <Filter>Header Files</Filter>
    </ClInclude>
    <ClInclude Include="Source\Systems\PhysicsSystem\PhysicsSystem.h">
      <Filter>Header Files</Filter>
    </ClInclude>
    <ClInclude Include="Source\Systems\PhysicsSystem\Collision\CollisionFunctions.h">
      <Filter>Header Files</Filter>
    </ClInclude>
  </ItemGroup>
  <ItemGroup>
    <ClCompile Include="Source\utils\Log.cpp">
      <Filter>Source Files\utils</Filter>
    </ClCompile>
    <ClCompile Include="Source\Core\Engine.cpp">
      <Filter>Source Files\Core</Filter>
    </ClCompile>
    <ClCompile Include="Source\Core\main.cpp">
      <Filter>Source Files\Core</Filter>
    </ClCompile>
    <ClCompile Include="Source\Systems\GraphicsSystem\GraphicsSystem.cpp">
      <Filter>Source Files\Systems\GraphicsSystem</Filter>
    </ClCompile>
    <ClCompile Include="Source\Core\Shader.cpp">
      <Filter>Source Files\Core</Filter>
    </ClCompile>
    <ClCompile Include="Source\Core\Texture.cpp">
      <Filter>Source Files\Core</Filter>
    </ClCompile>
    <ClCompile Include="Source\Core\Camera.cpp">
      <Filter>Source Files\Core</Filter>
    </ClCompile>
    <ClCompile Include="Source\pch\pch.cpp">
      <Filter>pch</Filter>
    </ClCompile>
    <ClCompile Include="Source\glad.c">
      <Filter>Libraries</Filter>
    </ClCompile>
    <ClCompile Include="Source\stb.cpp">
      <Filter>Libraries</Filter>
    </ClCompile>
    <ClCompile Include="Libraries\include\imgui\imgui.cpp">
      <Filter>Libraries\imgui</Filter>
    </ClCompile>
    <ClCompile Include="Libraries\include\imgui\imgui_demo.cpp">
      <Filter>Libraries\imgui</Filter>
    </ClCompile>
    <ClCompile Include="Libraries\include\imgui\imgui_draw.cpp">
      <Filter>Libraries\imgui</Filter>
    </ClCompile>
    <ClCompile Include="Libraries\include\imgui\imgui_impl_glfw.cpp">
      <Filter>Libraries\imgui</Filter>
    </ClCompile>
    <ClCompile Include="Libraries\include\imgui\imgui_impl_opengl3.cpp">
      <Filter>Libraries\imgui</Filter>
    </ClCompile>
    <ClCompile Include="Libraries\include\imgui\imgui_tables.cpp">
      <Filter>Libraries\imgui</Filter>
    </ClCompile>
    <ClCompile Include="Libraries\include\imgui\imgui_widgets.cpp">
      <Filter>Libraries\imgui</Filter>
    </ClCompile>
    <ClCompile Include="Source\Systems\InputSystem\InputManager.cpp">
      <Filter>Source Files\Systems\InputSystem</Filter>
    </ClCompile>
    <ClCompile Include="Source\Core\FramerateControlSystem\FramerateController.cpp">
      <Filter>Source Files\Systems\FramerateControlSystem</Filter>
    </ClCompile>
    <ClCompile Include="Source\Systems\ProfileSystem\ProfileSystem.cpp">
      <Filter>Source Files\Systems\ProfileSystem</Filter>
    </ClCompile>
    <ClCompile Include="Source\Systems\UISystem\UISystem.cpp">
      <Filter>Source Files\Systems\UISystem</Filter>
    </ClCompile>
    <ClCompile Include="Source\utils\Timer.cpp">
      <Filter>Source Files\utils</Filter>
    </ClCompile>
    <ClCompile Include="Source\Core\ComponentPool.cpp">
      <Filter>Source Files\Core</Filter>
    </ClCompile>
    <ClCompile Include="Source\Components\ModelComponent\ModelComponent.cpp">
      <Filter>Source Files\Components\ModelComponent</Filter>
    </ClCompile>
    <ClCompile Include="Source\Systems\GraphicsSystem\Skybox\Skybox.cpp">
      <Filter>Source Files\Systems\GraphicsSystem\Skybox</Filter>
    </ClCompile>
    <ClCompile Include="Source\Systems\CommandSystem\Command.cpp">
      <Filter>Source Files\Systems\CommandSystem</Filter>
    </ClCompile>
    <ClCompile Include="Source\Systems\CommandSystem\CommandSystem.cpp">
      <Filter>Source Files\Systems\CommandSystem</Filter>
    </ClCompile>
    <ClCompile Include="Source\Systems\CommandSystem\DirectionCommand.cpp">
      <Filter>Source Files</Filter>
    </ClCompile>
    <ClCompile Include="Source\Core\IndexBuffer.cpp">
      <Filter>Source Files\Core</Filter>
    </ClCompile>
    <ClCompile Include="Source\Core\Mesh.cpp">
      <Filter>Source Files\Core</Filter>
    </ClCompile>
    <ClCompile Include="Source\Core\VertexBuffer.cpp">
      <Filter>Source Files\Core</Filter>
    </ClCompile>
    <ClCompile Include="Source\Core\Model.cpp">
      <Filter>Source Files\Core</Filter>
    </ClCompile>
    <ClCompile Include="Source\utils\VQS.cpp">
      <Filter>Source Files\utils</Filter>
    </ClCompile>
    <ClCompile Include="Source\Components\TransformComponent\TransformComponent.cpp">
      <Filter>Source Files\Components\TransformComponent</Filter>
    </ClCompile>
    <ClCompile Include="Source\Components\MaterialComponent\Material.cpp">
      <Filter>Source Files\Components\MaterialComponent</Filter>
    </ClCompile>
    <ClCompile Include="Source\Components\MaterialComponent\MaterialComponent.cpp">
      <Filter>Source Files\Components\MaterialComponent</Filter>
    </ClCompile>
    <ClCompile Include="Source\Systems\AudioSystem\AudioSystem.cpp">
      <Filter>Source Files\Systems\AudioSystem</Filter>
    </ClCompile>
    <ClCompile Include="Source\utils\common.cpp">
      <Filter>Source Files\utils</Filter>
    </ClCompile>
    <ClCompile Include="Source\utils\common_platform.cpp">
      <Filter>Source Files\utils</Filter>
    </ClCompile>
    <ClCompile Include="Source\Components\LightComponent\Light.cpp">
      <Filter>Source Files\Components\LightComponent</Filter>
    </ClCompile>
    <ClCompile Include="Source\Components\LightComponent\LightComponent.cpp">
      <Filter>Source Files\Components\LightComponent</Filter>
    </ClCompile>
    <ClCompile Include="Source\Systems\GraphicsSystem\Quad.cpp">
      <Filter>Source Files\Systems\GraphicsSystem</Filter>
    </ClCompile>
    <ClCompile Include="Source\Systems\GraphicsSystem\DeferredRenderer\DeferredRenderer.cpp">
      <Filter>Source Files\Systems\GraphicsSystem\DeferredRenderer</Filter>
    </ClCompile>
    <ClCompile Include="Source\Components\RoutineComponent\RoutineComponent.cpp">
      <Filter>Source Files\Components\RoutineComponent</Filter>
    </ClCompile>
    <ClCompile Include="Source\Components\GameLogicCategoryComponent\GameLogicCategoryComponent.cpp">
      <Filter>Source Files\Components\GameLogicCategoryComponent</Filter>
    </ClCompile>
    <ClCompile Include="Source\Core\GameObjectFactory.cpp">
      <Filter>Source Files\Core</Filter>
    </ClCompile>
    <ClCompile Include="Source\Systems\EntitySystem\EntitySystem.cpp">
      <Filter>Source Files\Systems\EntitySystem</Filter>
    </ClCompile>
    <ClCompile Include="Source\Systems\GraphicsSystem\Shadow\Shadow.cpp">
      <Filter>Source Files\Systems\GraphicsSystem\Shadow</Filter>
    </ClCompile>
    <ClCompile Include="Source\Systems\ScriptSystem\LuaHookFunctions.cpp">
      <Filter>Source Files\Systems\ScriptSystem</Filter>
    </ClCompile>
    <ClCompile Include="Source\Systems\GraphicsSystem\FBO.cpp">
      <Filter>Source Files\Systems\GraphicsSystem</Filter>
    </ClCompile>
    <ClCompile Include="Source\Systems\GraphicsSystem\PostProcess\PostProcess.cpp">
      <Filter>Source Files\Systems\GraphicsSystem\PostProcess</Filter>
    </ClCompile>
    <ClCompile Include="Source\Systems\ScriptSystem\ScriptSystem.cpp">
      <Filter>Source Files\Systems\UISystem</Filter>
    </ClCompile>
    <ClCompile Include="Source\Systems\GraphicsSystem\DebugRender\DebugRender.cpp">
      <Filter>Source Files\Systems\GraphicsSystem\DebugRender</Filter>
    </ClCompile>
    <ClCompile Include="Source\Systems\SceneSystem\SceneSystem.cpp">
      <Filter>Source Files\Systems\SceneSystem</Filter>
    </ClCompile>
    <ClCompile Include="Source\Components\PhysicsComponent\MovingBodyComponent.cpp">
      <Filter>Source Files</Filter>
    </ClCompile>
    <ClCompile Include="Source\Components\PhysicsComponent\StillBodyComponent.cpp">
      <Filter>Source Files</Filter>
    </ClCompile>
    <ClCompile Include="Source\Components\PhysicsComponent\Collider.cpp">
      <Filter>Source Files</Filter>
    </ClCompile>
    <ClCompile Include="Source\Systems\PhysicsSystem\PhysicsSystem.cpp">
      <Filter>Source Files</Filter>
    </ClCompile>
    <ClCompile Include="Source\Components\PhysicsComponent\RigidBody.cpp">
      <Filter>Source Files</Filter>
    </ClCompile>
    <ClCompile Include="Source\Systems\PhysicsSystem\Collision\CollisionFunctions.cpp">
      <Filter>Source Files</Filter>
    </ClCompile>
  </ItemGroup>
</Project>