<?xml version="1.0" encoding="utf-8"?>
<Project ToolsVersion="4.0" xmlns="http://schemas.microsoft.com/developer/msbuild/2003">
  <ItemGroup>
    <Filter Include="Source Files">
      <UniqueIdentifier>{4FC737F1-C7A5-4376-A066-2A32D752A2FF}</UniqueIdentifier>
      <Extensions>cpp;c;cc;cxx;c++;cppm;ixx;def;odl;idl;hpj;bat;asm;asmx</Extensions>
    </Filter>
    <Filter Include="Header Files">
      <UniqueIdentifier>{93995380-89BD-4b04-88EB-625FBE52EBFB}</UniqueIdentifier>
      <Extensions>h;hh;hpp;hxx;h++;hm;inl;inc;ipp;xsd</Extensions>
    </Filter>
    <Filter Include="Resource Files">
      <UniqueIdentifier>{67DA6AB6-F800-4c08-8B7A-83BB121AAD01}</UniqueIdentifier>
      <Extensions>rc;ico;cur;bmp;dlg;rc2;rct;bin;rgs;gif;jpg;jpeg;jpe;resx;tiff;tif;png;wav;mfcribbon-ms</Extensions>
    </Filter>
    <Filter Include="Resource Files\Shaders">
      <UniqueIdentifier>{52c38847-f4b6-46be-981e-94da2c25e118}</UniqueIdentifier>
    </Filter>
    <Filter Include="Header Files\utils">
      <UniqueIdentifier>{f4707167-4efc-4b11-adeb-383dc43b6923}</UniqueIdentifier>
    </Filter>
    <Filter Include="Source Files\utils">
      <UniqueIdentifier>{b6fcc36b-d0e2-4176-a46e-1fedf30e1e41}</UniqueIdentifier>
    </Filter>
    <Filter Include="Libraries">
      <UniqueIdentifier>{822eb44d-758b-4375-a5f4-1a79a09107ce}</UniqueIdentifier>
    </Filter>
    <Filter Include="Libraries\imgui">
      <UniqueIdentifier>{8b9a45a1-fd00-4a39-b77a-62689ae172d1}</UniqueIdentifier>
    </Filter>
    <Filter Include="Header Files\Core">
      <UniqueIdentifier>{1a239f22-450c-4dd1-8747-b3a8081ec797}</UniqueIdentifier>
    </Filter>
    <Filter Include="Source Files\Core">
      <UniqueIdentifier>{303f769e-afdf-43fe-948d-5bc3e238d817}</UniqueIdentifier>
    </Filter>
    <Filter Include="Header Files\Systems">
      <UniqueIdentifier>{eb91a3d1-952b-43e0-8ce7-e5e05a5f28a6}</UniqueIdentifier>
    </Filter>
    <Filter Include="Source Files\Systems">
      <UniqueIdentifier>{8f51e4b8-8a13-46be-aea2-cf3b7ba98888}</UniqueIdentifier>
    </Filter>
    <Filter Include="Header Files\Components">
      <UniqueIdentifier>{5fde2697-8a95-49f7-9ec1-8b8103f0f0ac}</UniqueIdentifier>
    </Filter>
    <Filter Include="Source Files\Components">
      <UniqueIdentifier>{ec0b5e49-571b-42d0-84cd-fa70d9bc390c}</UniqueIdentifier>
    </Filter>
    <Filter Include="Header Files\Systems\GraphicsSystem">
      <UniqueIdentifier>{71070843-7977-4454-8cd4-4b468f6cc39a}</UniqueIdentifier>
    </Filter>
    <Filter Include="Source Files\Systems\GraphicsSystem">
      <UniqueIdentifier>{fd8404e3-0466-46eb-8922-bceaea6e7d3d}</UniqueIdentifier>
    </Filter>
    <Filter Include="Header Files\Components\ModelComponent">
      <UniqueIdentifier>{ce4434d4-a60b-48b3-86b6-59a3464baa26}</UniqueIdentifier>
    </Filter>
    <Filter Include="Source Files\Components\ModelComponent">
      <UniqueIdentifier>{47ac4824-200f-4a94-b3b7-78334ee02c82}</UniqueIdentifier>
    </Filter>
    <Filter Include="Source Files\Components\TransformComponent">
      <UniqueIdentifier>{c7cc940f-1b78-4601-9ad5-4252aa171215}</UniqueIdentifier>
    </Filter>
    <Filter Include="pch">
      <UniqueIdentifier>{58100f30-f7f0-4803-a31b-f1808e52c055}</UniqueIdentifier>
    </Filter>
    <Filter Include="Header Files\Systems\ProfileSystem">
      <UniqueIdentifier>{059d2f0c-954f-4836-871b-6751bc96f9d7}</UniqueIdentifier>
    </Filter>
    <Filter Include="Source Files\Systems\FramerateControlSystem">
      <UniqueIdentifier>{a5d6a727-e287-439f-b469-0b9b8267b84d}</UniqueIdentifier>
    </Filter>
    <Filter Include="Source Files\Systems\ProfileSystem">
      <UniqueIdentifier>{655826a7-2d22-45cc-8e97-f7123033b29c}</UniqueIdentifier>
    </Filter>
    <Filter Include="Header Files\Systems\InputSystem">
      <UniqueIdentifier>{2a99729d-8391-4fcd-aa9f-9a88c6de7ede}</UniqueIdentifier>
    </Filter>
    <Filter Include="Source Files\Systems\InputSystem">
      <UniqueIdentifier>{d551e3a1-2a37-40ef-b728-a322870aa267}</UniqueIdentifier>
    </Filter>
    <Filter Include="Resource Files\Shaders\Skybox">
      <UniqueIdentifier>{080e58ef-a4dc-4af7-bff2-9093e452e1df}</UniqueIdentifier>
    </Filter>
    <Filter Include="Header Files\Systems\GraphicsSystem\Skybox">
      <UniqueIdentifier>{18301ecd-167d-48d6-824b-56afc235fd06}</UniqueIdentifier>
    </Filter>
    <Filter Include="Source Files\Systems\GraphicsSystem\Skybox">
      <UniqueIdentifier>{e68b0caa-9ccd-4b68-8df5-4322316fac56}</UniqueIdentifier>
    </Filter>
    <Filter Include="Header Files\Core\FramerateControlSystem">
      <UniqueIdentifier>{961d484c-1132-4369-bf6b-db1434790d04}</UniqueIdentifier>
    </Filter>
    <Filter Include="Source Files\Systems\UISystem">
      <UniqueIdentifier>{29aff84a-a343-444e-b8cc-45e351509757}</UniqueIdentifier>
    </Filter>
    <Filter Include="Header Files\Systems\UISystem">
      <UniqueIdentifier>{eedac892-c5eb-4e8f-a908-71e928764f35}</UniqueIdentifier>
    </Filter>
    <Filter Include="Source Files\Systems\CommandSystem">
      <UniqueIdentifier>{fd9a67d8-1de2-4829-92b0-f93b81276d8b}</UniqueIdentifier>
    </Filter>
    <Filter Include="Header Files\Systems\CommandSystem">
      <UniqueIdentifier>{9e9809f4-92c9-4d9e-9e93-7a5ba3bcaa69}</UniqueIdentifier>
    </Filter>
    <Filter Include="Header Files\Components\TransformComponent">
      <UniqueIdentifier>{2b4889c9-fcd9-4b3b-8d86-a6696199246e}</UniqueIdentifier>
    </Filter>
    <Filter Include="Header Files\Components\MaterialComponent">
      <UniqueIdentifier>{9e342526-e1ec-4bad-8f53-891aed0231c5}</UniqueIdentifier>
    </Filter>
    <Filter Include="Source Files\Components\MaterialComponent">
      <UniqueIdentifier>{10cd5eea-e284-44d5-8217-07d4587bae7a}</UniqueIdentifier>
    </Filter>
    <Filter Include="Header Files\Systems\AudioSystem">
      <UniqueIdentifier>{22b23813-30b1-44be-a26c-3a3148cd3cd7}</UniqueIdentifier>
    </Filter>
    <Filter Include="Source Files\Systems\AudioSystem">
      <UniqueIdentifier>{04902f60-34e1-494e-b4d8-c10bdd5f50a1}</UniqueIdentifier>
    </Filter>
    <Filter Include="Header Files\Components\LightComponent">
      <UniqueIdentifier>{4d09ecab-f7ff-41ba-bbd5-ce5ee32f8e3b}</UniqueIdentifier>
    </Filter>
    <Filter Include="Source Files\Components\LightComponent">
      <UniqueIdentifier>{dc9cca7b-040d-42a6-ac83-dce64c75e493}</UniqueIdentifier>
    </Filter>
    <Filter Include="Header Files\Systems\GraphicsSystem\DeferredRenderer">
      <UniqueIdentifier>{0112eb09-6a0b-43cb-a57b-5c4aecec37c2}</UniqueIdentifier>
    </Filter>
    <Filter Include="Source Files\Systems\GraphicsSystem\DeferredRenderer">
      <UniqueIdentifier>{e92510f6-d3b6-4ddd-a582-c075fb229a9a}</UniqueIdentifier>
    </Filter>
    <Filter Include="Resource Files\Shaders\DeferredRenderer">
      <UniqueIdentifier>{da698507-c5c2-4829-a289-f9a259aac7c9}</UniqueIdentifier>
    </Filter>
    <Filter Include="Header Files\Systems\ScriptSystem">
      <UniqueIdentifier>{71857346-95df-4347-9750-96a52bc59b2a}</UniqueIdentifier>
    </Filter>
    <Filter Include="Source Files\Systems\ScriptSystem">
      <UniqueIdentifier>{360e0d18-7e70-4fd1-93e2-b870d53a068e}</UniqueIdentifier>
    </Filter>
    <Filter Include="Header Files\Components\GameLogicCatagoryComponent">
      <UniqueIdentifier>{1dad89c4-adf2-4a71-b54b-0a1bb1019505}</UniqueIdentifier>
    </Filter>
    <Filter Include="Source Files\Components\GameLogicCategoryComponent">
      <UniqueIdentifier>{201342ec-5d6f-4b13-ba41-fb096ab3d983}</UniqueIdentifier>
    </Filter>
    <Filter Include="Source Files\Systems\EntitySystem">
      <UniqueIdentifier>{cf862845-5463-4ee0-ac79-1aafec6347a9}</UniqueIdentifier>
    </Filter>
    <Filter Include="Header Files\Systems\EntitySystem">
      <UniqueIdentifier>{0afd1664-23f2-40a1-9b2a-5ac954a1e550}</UniqueIdentifier>
    </Filter>
    <Filter Include="Source Files\Systems\GraphicsSystem\Shadow">
      <UniqueIdentifier>{aa46e90f-eb0f-44c8-93e9-18a33ca36303}</UniqueIdentifier>
    </Filter>
    <Filter Include="Header Files\Systems\GraphicsSystem\Shadow">
      <UniqueIdentifier>{eab7ae65-4ee5-4def-b5c4-64f5a9d34509}</UniqueIdentifier>
    </Filter>
    <Filter Include="Resource Files\Shaders\Shadow">
      <UniqueIdentifier>{6eb41cad-0fd5-4b53-9be2-622987e0d771}</UniqueIdentifier>
    </Filter>
    <Filter Include="Header Files\Systems\GraphicsSystem\PostProcess">
      <UniqueIdentifier>{6994a329-d7b3-4f36-bc3e-d3c2dfe7b8ea}</UniqueIdentifier>
    </Filter>
    <Filter Include="Source Files\Systems\GraphicsSystem\PostProcess">
      <UniqueIdentifier>{8a16b8b3-0ad7-420b-b877-5f2811953458}</UniqueIdentifier>
    </Filter>
    <Filter Include="Resource Files\Shaders\PostProcess">
      <UniqueIdentifier>{25aa4165-3038-4aeb-b4c7-50cc10773a5d}</UniqueIdentifier>
    </Filter>
    <Filter Include="Resource Files\Shaders\DebugRender">
      <UniqueIdentifier>{37077e0d-6e08-47a3-9d21-62cc4e1b3789}</UniqueIdentifier>
    </Filter>
    <Filter Include="Source Files\Systems\GraphicsSystem\DebugRender">
      <UniqueIdentifier>{17a6709a-357e-481c-b5a0-a4eef0b45a82}</UniqueIdentifier>
    </Filter>
    <Filter Include="Header Files\Systems\GraphicsSystem\DebugRender">
      <UniqueIdentifier>{e36491d0-281f-49be-b371-f8aaa0f96113}</UniqueIdentifier>
    </Filter>
    <Filter Include="Header Files\Systems\SceneSystem">
      <UniqueIdentifier>{9a5641ae-c20d-426c-a5d1-48ec0232d1ca}</UniqueIdentifier>
    </Filter>
    <Filter Include="Source Files\Systems\SceneSystem">
      <UniqueIdentifier>{00daabd3-a98e-4360-bfbe-96edbcb3fd32}</UniqueIdentifier>
    </Filter>
    <Filter Include="Source Files\Systems\GraphicsSystem\OIT">
      <UniqueIdentifier>{aede0c9e-19e5-44a3-a6f7-f265fd6e70d3}</UniqueIdentifier>
    </Filter>
    <Filter Include="Header Files\Systems\GraphicsSystem\OIT">
      <UniqueIdentifier>{c08367b3-0b60-40fd-bb79-2072d7b389f9}</UniqueIdentifier>
    </Filter>
    <Filter Include="Resource Files\Shaders\OIT">
      <UniqueIdentifier>{5915912b-c6f5-44d4-9f83-0891912b40ea}</UniqueIdentifier>
    </Filter>
    <Filter Include="Source Files\Components\PhysicsComponent">
      <UniqueIdentifier>{8de5d571-7f98-4959-ac8c-beeed856506e}</UniqueIdentifier>
    </Filter>
    <Filter Include="Source Files\Systems\PhysicsSystem">
      <UniqueIdentifier>{4711b89e-9080-4bd1-b090-b9e4fadef584}</UniqueIdentifier>
    </Filter>
    <Filter Include="Source Files\Systems\PhysicsSystem\Collision">
      <UniqueIdentifier>{ca2c8314-0016-4927-8409-d797986356b3}</UniqueIdentifier>
    </Filter>
    <Filter Include="Header Files\Components\PhysicsComponent">
      <UniqueIdentifier>{699edc9e-9089-40c3-a6c6-1154aabdb5ca}</UniqueIdentifier>
    </Filter>
    <Filter Include="Header Files\Systems\PhysicsSystem">
      <UniqueIdentifier>{a808c694-01ca-4c73-bc80-85e68035ef8b}</UniqueIdentifier>
    </Filter>
    <Filter Include="Header Files\Systems\PhysicsSystem\Collision">
      <UniqueIdentifier>{548bf5c2-7a69-4917-ba6d-ae5afbd7f070}</UniqueIdentifier>
    </Filter>
    <Filter Include="Source Files\Systems\GraphicsSystem\ParticleSystem">
      <UniqueIdentifier>{71d3bcc1-4140-4e5b-aa14-1c6c926518b7}</UniqueIdentifier>
    </Filter>
    <Filter Include="Header Files\Systems\GraphicsSystem\ParticleSystem">
      <UniqueIdentifier>{54124494-cffe-4b98-9b3a-d1cbaefa2066}</UniqueIdentifier>
    </Filter>
    <Filter Include="Resource Files\Shaders\ParticleSystem">
      <UniqueIdentifier>{d8052aef-80d9-4331-94c0-bf1887760f77}</UniqueIdentifier>
    </Filter>
    <Filter Include="Header Files\Components\AudioComponent">
      <UniqueIdentifier>{78718be9-f549-48d0-bdba-6c6552a8f35b}</UniqueIdentifier>
    </Filter>
    <Filter Include="Source Files\Components\AudioComponent">
      <UniqueIdentifier>{ae1b7713-87f4-473f-b7b1-ba84dc6c195d}</UniqueIdentifier>
    </Filter>
    <Filter Include="Resource Files\Scripts">
      <UniqueIdentifier>{8ab69900-3b04-405a-8256-f0643e65aca3}</UniqueIdentifier>
    </Filter>
    <Filter Include="SandBox1">
      <UniqueIdentifier>{119406c0-04b4-4a69-8b80-ec4f534219cb}</UniqueIdentifier>
    </Filter>
    <Filter Include="SandBox1\audio">
      <UniqueIdentifier>{e45579e3-7f0d-4851-af3e-6501675216fc}</UniqueIdentifier>
    </Filter>
    <Filter Include="SandBox1\Configs">
      <UniqueIdentifier>{d22bb364-fed4-4d40-a118-0256c10700c2}</UniqueIdentifier>
    </Filter>
    <Filter Include="SandBox1\Levels">
      <UniqueIdentifier>{2381d167-b476-4957-a911-09391d6db198}</UniqueIdentifier>
    </Filter>
    <Filter Include="SandBox1\models">
      <UniqueIdentifier>{b077dea1-8c97-4133-a128-0af29e1ac5fa}</UniqueIdentifier>
    </Filter>
    <Filter Include="SandBox1\Scripts">
      <UniqueIdentifier>{54406daa-c162-474b-9dfd-ce42e840dc3e}</UniqueIdentifier>
    </Filter>
    <Filter Include="SandBox1\Textures">
      <UniqueIdentifier>{b041af44-ae96-46c2-a395-360fa359aa59}</UniqueIdentifier>
    </Filter>
    <Filter Include="FPS">
      <UniqueIdentifier>{c97d1efb-86f7-4e53-bc6c-2c1e9015a9b1}</UniqueIdentifier>
    </Filter>
    <Filter Include="FPS\Levels">
      <UniqueIdentifier>{bf4c977d-6aea-43bb-9ef7-1133f0b16452}</UniqueIdentifier>
    </Filter>
    <Filter Include="FPS\Scripts">
      <UniqueIdentifier>{723c0163-d905-4177-96f1-926410548304}</UniqueIdentifier>
    </Filter>
    <Filter Include="Platformer">
      <UniqueIdentifier>{7d1401c5-ed3e-4bfb-a110-ee8c50328019}</UniqueIdentifier>
    </Filter>
    <Filter Include="Platformer\Levels">
      <UniqueIdentifier>{d816dc43-2814-4515-9230-211ddcf1a423}</UniqueIdentifier>
    </Filter>
    <Filter Include="Platformer\Scripts">
      <UniqueIdentifier>{abb00348-28d4-4544-9bd1-d907b91c18d9}</UniqueIdentifier>
    </Filter>
    <Filter Include="TopDownFighter">
      <UniqueIdentifier>{9e5543a7-a30f-48a1-9303-ac8859abf1b1}</UniqueIdentifier>
    </Filter>
    <Filter Include="TopDownFighter\Scripts">
      <UniqueIdentifier>{3168119a-dd33-4819-abc7-7ed114e5cffa}</UniqueIdentifier>
    </Filter>
    <Filter Include="Source Files\Systems\GraphicsSystem\Sky">
      <UniqueIdentifier>{cce46407-fd94-45aa-aae6-d22721448cfd}</UniqueIdentifier>
    </Filter>
    <Filter Include="Resource Files\Shaders\Sky">
      <UniqueIdentifier>{dd9e2d51-0776-4d5d-a1af-46f1b1b419f3}</UniqueIdentifier>
    </Filter>
    <Filter Include="Speed">
      <UniqueIdentifier>{fa4c1c3f-289c-4a47-88ce-a5b7db35ed69}</UniqueIdentifier>
    </Filter>
    <Filter Include="Speed\Scripts">
      <UniqueIdentifier>{7fa7b922-89bc-460f-9994-a1a9d5161dac}</UniqueIdentifier>
    </Filter>
    <Filter Include="Speed\Levels">
      <UniqueIdentifier>{9751c2af-84d7-41d6-99fa-2396ea2df551}</UniqueIdentifier>
    </Filter>
    <Filter Include="Source Files\Systems\PhysicsSystem\RayCasting">
      <UniqueIdentifier>{dd9a2a15-c23d-4688-85aa-a6844ed512be}</UniqueIdentifier>
    </Filter>
    <Filter Include="Source Files\Components\TagComponent">
      <UniqueIdentifier>{12b52205-ec9c-4b4a-afeb-4e98e18a6a3c}</UniqueIdentifier>
    </Filter>
    <Filter Include="Source Files\Systems\LevelEditorSystem">
      <UniqueIdentifier>{cd33e50f-625a-47eb-bb2b-892af7841677}</UniqueIdentifier>
    </Filter>
    <Filter Include="Header Files\Systems\PhysicsSystem\RayCasting">
      <UniqueIdentifier>{3804bf84-6a5a-43f8-b954-48279eff0652}</UniqueIdentifier>
    </Filter>
    <Filter Include="TopDownFighter\Levels">
      <UniqueIdentifier>{386eb69e-1ee2-4b7c-b02b-db326986aaf0}</UniqueIdentifier>
    </Filter>
  </ItemGroup>
  <ItemGroup>
    <None Include="Skybox.shader">
      <Filter>Resource Files\Shaders\Skybox</Filter>
    </None>
    <None Include="Source\Shaders\basic.shader">
      <Filter>Resource Files\Shaders</Filter>
    </None>
    <None Include="Source\Shaders\basicPBR.shader">
      <Filter>Resource Files\Shaders</Filter>
    </None>
    <None Include="Source\Shaders\LightSource.shader">
      <Filter>Resource Files\Shaders</Filter>
    </None>
    <None Include="Source\Shaders\DeferredRenderer\DeferredLighting.shader">
      <Filter>Resource Files\Shaders\DeferredRenderer</Filter>
    </None>
    <None Include="Source\Shaders\DeferredRenderer\Fill_G_Buffer.shader">
      <Filter>Resource Files\Shaders\DeferredRenderer</Filter>
    </None>
    <None Include="Source\Shaders\Shadow\DefaultShadowMap.shader">
      <Filter>Resource Files\Shaders\Shadow</Filter>
    </None>
    <None Include="Source\Shaders\PostProcess\PostProcess.shader">
      <Filter>Resource Files\Shaders\PostProcess</Filter>
    </None>
    <None Include="Source\Shaders\DeferredRenderer\Cel.shader">
      <Filter>Resource Files\Shaders\DeferredRenderer</Filter>
    </None>
    <None Include="Source\Shaders\DebugRender\NormalVec.shader">
      <Filter>Resource Files\Shaders\DebugRender</Filter>
    </None>
    <None Include="Source\Shaders\OIT\TransparentPass.shader">
      <Filter>Resource Files\Shaders\OIT</Filter>
    </None>
    <None Include="Source\Shaders\OIT\CompositionPass.shader">
      <Filter>Resource Files\Shaders\OIT</Filter>
    </None>
    <None Include="Source\Shaders\ParticleSystem\ParticleSystem.cs.shader">
      <Filter>Resource Files\Shaders\ParticleSystem</Filter>
    </None>
    <None Include="Source\Shaders\ParticleSystem\Render.shader">
      <Filter>Resource Files\Shaders\ParticleSystem</Filter>
    </None>
    <None Include="Assets\Scripts\Menu.lua">
      <Filter>Resource Files\Scripts</Filter>
    </None>
    <None Include="..\SandBox1\Assets\audio\Master.bank">
      <Filter>SandBox1\audio</Filter>
    </None>
    <None Include="..\SandBox1\Assets\audio\Master.strings.bank">
      <Filter>SandBox1\audio</Filter>
    </None>
    <None Include="..\SandBox1\Assets\Configs\commands.json">
      <Filter>SandBox1\Configs</Filter>
    </None>
    <None Include="..\SandBox1\Assets\Configs\default.json">
      <Filter>SandBox1\Configs</Filter>
    </None>
    <None Include="..\SandBox1\Assets\Levels\gameObjects.json">
      <Filter>SandBox1\Levels</Filter>
    </None>
    <None Include="..\SandBox1\Assets\Scripts\DoLightThings.lua">
      <Filter>SandBox1\Scripts</Filter>
    </None>
    <None Include="..\SandBox1\Assets\Scripts\DoLionThings.lua">
      <Filter>SandBox1\Scripts</Filter>
    </None>
    <None Include="..\SandBox1\Assets\Scripts\DoPokeballThings.lua">
      <Filter>SandBox1\Scripts</Filter>
    </None>
    <None Include="..\FPS\Assets\Levels\gameObjects.json">
      <Filter>FPS\Levels</Filter>
    </None>
    <None Include="..\Platformer\Assets\Levels\gameObjects.json">
      <Filter>Platformer\Levels</Filter>
    </None>
    <None Include="..\Platformer\Assets\Levels\level.json">
      <Filter>Platformer\Levels</Filter>
    </None>
    <None Include="..\TopDownFighter\Assets\Levels\gameObjects.json">
      <Filter>TopDownFighter\Levels</Filter>
    </None>
    <None Include="..\TopDownFighter\Assets\Levels\level.json">
      <Filter>TopDownFighter\Levels</Filter>
    </None>
    <None Include="Source\Shaders\test.shader">
      <Filter>Resource Files\Shaders</Filter>
    </None>
    <None Include="Source\Shaders\Sky\Sky.shader">
      <Filter>Resource Files\Shaders\Sky</Filter>
    </None>
    <None Include="..\SandBox1\Assets\Scripts\CategoryList.lua">
      <Filter>SandBox1\Scripts</Filter>
    </None>
    <None Include="Assets\Scripts\DoEverything.lua">
      <Filter>Resource Files\Scripts</Filter>
    </None>
    <None Include="..\SandBox1\Assets\Levels\level.json">
      <Filter>SandBox1\Levels</Filter>
    </None>
    <None Include="..\Speed\Assets\Levels\gameObjects.json">
      <Filter>Speed\Levels</Filter>
    </None>
    <None Include="..\Speed\Assets\Levels\level.json">
      <Filter>Speed\Levels</Filter>
    </None>
    <None Include="..\FPS\Assets\Levels\level.json">
      <Filter>FPS\Levels</Filter>
    </None>
    <None Include="..\Speed\Assets\Scripts\CategoryList.lua">
      <Filter>Speed\Scripts</Filter>
    </None>
    <None Include="..\WhereTheGameAt.lua">
      <Filter>Resource Files\Scripts</Filter>
    </None>
    <None Include="..\Speed\Assets\Scripts\DoGoalZoneThings.lua">
      <Filter>Speed\Scripts</Filter>
    </None>
    <None Include="..\Speed\Assets\Scripts\DoPlayerThings.lua">
      <Filter>Speed\Scripts</Filter>
    </None>
    <None Include="..\SandBox1\Assets\Scripts\Camera.lua">
      <Filter>SandBox1\Scripts</Filter>
    </None>
    <None Include="..\Platformer\Assets\Scripts\Camera.lua">
      <Filter>Platformer\Scripts</Filter>
    </None>
    <None Include="..\Platformer\Assets\Scripts\CategoryList.lua">
      <Filter>Platformer\Scripts</Filter>
    </None>
    <None Include="..\FPS\Assets\Scripts\Camera.lua">
      <Filter>FPS\Scripts</Filter>
    </None>
    <None Include="..\FPS\Assets\Scripts\CategoryList.lua">
      <Filter>FPS\Scripts</Filter>
    </None>
    <None Include="..\Speed\Assets\Scripts\Camera.lua">
      <Filter>Speed\Scripts</Filter>
    </None>
    <None Include="..\FPS\Assets\Scripts\DoLionThings.lua">
      <Filter>FPS\Scripts</Filter>
    </None>
    <None Include="..\FPS\Assets\Scripts\DoPlayerThings.lua">
      <Filter>FPS\Scripts</Filter>
    </None>
    <None Include="..\Speed\Assets\Scripts\DoSliderThings.lua">
      <Filter>Speed\Scripts</Filter>
    </None>
  </ItemGroup>
  <ItemGroup>
    <ClInclude Include="Source\utils\Log.h">
      <Filter>Header Files\utils</Filter>
    </ClInclude>
    <ClInclude Include="Source\Core\Engine.h">
      <Filter>Header Files\Core</Filter>
    </ClInclude>
    <ClInclude Include="Source\Core\System.h">
      <Filter>Header Files\Core</Filter>
    </ClInclude>
    <ClInclude Include="Source\Systems\GraphicsSystem\GraphicsSystem.h">
      <Filter>Header Files\Systems\GraphicsSystem</Filter>
    </ClInclude>
    <ClInclude Include="Source\Core\Shader.h">
      <Filter>Header Files\Core</Filter>
    </ClInclude>
    <ClInclude Include="Source\Core\Texture.h">
      <Filter>Header Files\Core</Filter>
    </ClInclude>
    <ClInclude Include="Source\Core\Camera.h">
      <Filter>Header Files\Core</Filter>
    </ClInclude>
    <ClInclude Include="Source\pch\pch.h">
      <Filter>pch</Filter>
    </ClInclude>
    <ClInclude Include="Libraries\include\imgui\imconfig.h">
      <Filter>Libraries\imgui</Filter>
    </ClInclude>
    <ClInclude Include="Libraries\include\imgui\imgui.h">
      <Filter>Libraries\imgui</Filter>
    </ClInclude>
    <ClInclude Include="Libraries\include\imgui\imgui_impl_glfw.h">
      <Filter>Libraries\imgui</Filter>
    </ClInclude>
    <ClInclude Include="Libraries\include\imgui\imgui_impl_opengl3.h">
      <Filter>Libraries\imgui</Filter>
    </ClInclude>
    <ClInclude Include="Libraries\include\imgui\imgui_impl_opengl3_loader.h">
      <Filter>Libraries\imgui</Filter>
    </ClInclude>
    <ClInclude Include="Libraries\include\imgui\imgui_internal.h">
      <Filter>Libraries\imgui</Filter>
    </ClInclude>
    <ClInclude Include="Libraries\include\imgui\imstb_rectpack.h">
      <Filter>Libraries\imgui</Filter>
    </ClInclude>
    <ClInclude Include="Libraries\include\imgui\imstb_textedit.h">
      <Filter>Libraries\imgui</Filter>
    </ClInclude>
    <ClInclude Include="Libraries\include\imgui\imstb_truetype.h">
      <Filter>Libraries\imgui</Filter>
    </ClInclude>
    <ClInclude Include="Source\Core\FramerateControlSystem\FramerateController.h">
      <Filter>Header Files\Core\FramerateControlSystem</Filter>
    </ClInclude>
    <ClInclude Include="Source\Core\FramerateControlSystem\RunningAverage.h">
      <Filter>Header Files\Core\FramerateControlSystem</Filter>
    </ClInclude>
    <ClInclude Include="Source\Systems\InputSystem\InputManager.h">
      <Filter>Header Files\Systems\InputSystem</Filter>
    </ClInclude>
    <ClInclude Include="Source\Systems\ProfileSystem\ProfileSystem.h">
      <Filter>Header Files\Systems\ProfileSystem</Filter>
    </ClInclude>
    <ClInclude Include="Source\Systems\UISystem\UISystem.h">
      <Filter>Header Files\Systems\UISystem</Filter>
    </ClInclude>
    <ClInclude Include="Source\utils\VQS.h">
      <Filter>Header Files\utils</Filter>
    </ClInclude>
    <ClInclude Include="Source\utils\Timer.h">
      <Filter>Header Files\utils</Filter>
    </ClInclude>
    <ClInclude Include="Source\Components\ModelComponent\ModelComponent.h">
      <Filter>Header Files\Components\ModelComponent</Filter>
    </ClInclude>
    <ClInclude Include="Source\Core\ComponentPool.h">
      <Filter>Header Files\Core</Filter>
    </ClInclude>
    <ClInclude Include="Source\Core\MemoryPool.h">
      <Filter>Header Files\Core</Filter>
    </ClInclude>
    <ClInclude Include="Source\Core\Enums.h">
      <Filter>Header Files\Core</Filter>
    </ClInclude>
    <ClInclude Include="Source\Systems\GraphicsSystem\Skybox\Skybox.h">
      <Filter>Header Files\Systems\GraphicsSystem\Skybox</Filter>
    </ClInclude>
    <ClInclude Include="Source\Core\ResourceManager.h">
      <Filter>Header Files\Core</Filter>
    </ClInclude>
    <ClInclude Include="Source\Systems\CommandSystem\Command.h">
      <Filter>Header Files\Systems\InputSystem</Filter>
    </ClInclude>
    <ClInclude Include="Source\Systems\CommandSystem\CommandSystem.h">
      <Filter>Header Files\Systems\CommandSystem</Filter>
    </ClInclude>
    <ClInclude Include="Source\Systems\CommandSystem\DirectionCommand.h">
      <Filter>Header Files</Filter>
    </ClInclude>
    <ClInclude Include="Source\Core\IndexBuffer.h">
      <Filter>Header Files\Core</Filter>
    </ClInclude>
    <ClInclude Include="Source\Core\Mesh.h">
      <Filter>Header Files\Core</Filter>
    </ClInclude>
    <ClInclude Include="Source\Core\VertexBuffer.h">
      <Filter>Header Files\Core</Filter>
    </ClInclude>
    <ClInclude Include="Source\Core\Model.h">
      <Filter>Header Files\Core</Filter>
    </ClInclude>
    <ClInclude Include="Source\Components\TransformComponent\TransformComponent.h">
      <Filter>Header Files\Components\TransformComponent</Filter>
    </ClInclude>
    <ClInclude Include="Source\Components\MaterialComponent\Material.h">
      <Filter>Header Files\Components\MaterialComponent</Filter>
    </ClInclude>
    <ClInclude Include="Source\Components\MaterialComponent\MaterialComponent.h">
      <Filter>Header Files\Components\MaterialComponent</Filter>
    </ClInclude>
    <ClInclude Include="Source\Systems\AudioSystem\AudioSystem.h">
      <Filter>Header Files\Systems\AudioSystem</Filter>
    </ClInclude>
    <ClInclude Include="Source\utils\common.h">
      <Filter>Header Files\utils</Filter>
    </ClInclude>
    <ClInclude Include="Source\utils\common_platform.h">
      <Filter>Header Files\utils</Filter>
    </ClInclude>
    <ClInclude Include="Source\Components\LightComponent\Light.h">
      <Filter>Header Files\Components\LightComponent</Filter>
    </ClInclude>
    <ClInclude Include="Source\Components\LightComponent\LightComponent.h">
      <Filter>Header Files\Components\LightComponent</Filter>
    </ClInclude>
    <ClInclude Include="Source\Systems\GraphicsSystem\Quad.h">
      <Filter>Header Files\Systems\GraphicsSystem</Filter>
    </ClInclude>
    <ClInclude Include="Source\Systems\GraphicsSystem\DeferredRenderer\DeferredRenderer.h">
      <Filter>Header Files\Systems\GraphicsSystem\DeferredRenderer</Filter>
    </ClInclude>
    <ClInclude Include="Source\Systems\ScriptSystem\ScriptSystem.h">
      <Filter>Header Files\Systems\ScriptSystem</Filter>
    </ClInclude>
    <ClInclude Include="Source\Components\GameLogicCategoryComponent\GameLogicCategoryComponent.h">
      <Filter>Header Files\Components\GameLogicCatagoryComponent</Filter>
    </ClInclude>
    <ClInclude Include="Source\utils\SerializationHelper.h">
      <Filter>Header Files\utils</Filter>
    </ClInclude>
    <ClInclude Include="Source\Core\GameObjectFactory.h">
      <Filter>Header Files\Core</Filter>
    </ClInclude>
    <ClInclude Include="Source\Systems\EntitySystem\EntitySystem.h">
      <Filter>Header Files\Systems\EntitySystem</Filter>
    </ClInclude>
    <ClInclude Include="Source\Systems\GraphicsSystem\Shadow\Shadow.h">
      <Filter>Header Files\Systems\GraphicsSystem\Shadow</Filter>
    </ClInclude>
    <ClInclude Include="Source\Systems\GraphicsSystem\FBO.h">
      <Filter>Header Files\Systems\GraphicsSystem</Filter>
    </ClInclude>
    <ClInclude Include="Source\Systems\GraphicsSystem\PostProcess\PostProcess.h">
      <Filter>Header Files\Systems\GraphicsSystem\PostProcess</Filter>
    </ClInclude>
    <ClInclude Include="Source\Systems\GraphicsSystem\DebugRender\DebugRender.h">
      <Filter>Header Files\Systems\GraphicsSystem\DebugRender</Filter>
    </ClInclude>
    <ClInclude Include="Source\utils\JsonFile.h">
      <Filter>Header Files</Filter>
    </ClInclude>
    <ClInclude Include="Source\Systems\SceneSystem\SceneSystem.h">
      <Filter>Header Files\Systems\SceneSystem</Filter>
    </ClInclude>
    <ClInclude Include="Source\Systems\GraphicsSystem\OIT\OIT.h">
      <Filter>Header Files\Systems\GraphicsSystem\OIT</Filter>
    </ClInclude>
    <ClInclude Include="Source\Components\PhysicsComponent\MovingBodyComponent.h">
      <Filter>Header Files\Components\PhysicsComponent</Filter>
    </ClInclude>
    <ClInclude Include="Source\Components\PhysicsComponent\StillBodyComponent.h">
      <Filter>Header Files\Components\PhysicsComponent</Filter>
    </ClInclude>
    <ClInclude Include="Source\Components\PhysicsComponent\RigidBody.h">
      <Filter>Header Files\Components\PhysicsComponent</Filter>
    </ClInclude>
    <ClInclude Include="Source\Components\PhysicsComponent\Collider.h">
      <Filter>Header Files\Components\PhysicsComponent</Filter>
    </ClInclude>
    <ClInclude Include="Source\Systems\PhysicsSystem\PhysicsSystem.h">
      <Filter>Header Files\Systems\PhysicsSystem</Filter>
    </ClInclude>
    <ClInclude Include="Source\Systems\PhysicsSystem\Collision\CollisionFunctions.h">
      <Filter>Header Files\Systems\PhysicsSystem\Collision</Filter>
    </ClInclude>
    <ClInclude Include="Source\Systems\GraphicsSystem\ParticleSystem\ParticleSystem.h">
      <Filter>Header Files\Systems\GraphicsSystem\ParticleSystem</Filter>
    </ClInclude>
    <ClInclude Include="Source\Components\AudioComponent\AudioBus.h">
      <Filter>Header Files\Components\AudioComponent</Filter>
    </ClInclude>
    <ClInclude Include="Source\Systems\CommandSystem\PlayerSettings.h">
      <Filter>Header Files</Filter>
    </ClInclude>
    <ClInclude Include="Source\Systems\LevelEditorSystem\LevelEditorSystem.h">
      <Filter>Header Files</Filter>
    </ClInclude>
    <ClInclude Include="Source\Components\TagComponent\TagComponent.h">
      <Filter>Header Files</Filter>
    </ClInclude>
    <ClInclude Include="Source\Systems\GraphicsSystem\Sky\Sky.h">
      <Filter>Source Files\Systems\GraphicsSystem\Sky</Filter>
    </ClInclude>
    <ClInclude Include="Source\Systems\GraphicsSystem\Sky\Coefficients.h">
      <Filter>Source Files\Systems\GraphicsSystem\Sky</Filter>
    </ClInclude>
    <ClInclude Include="Source\Core\Pathfinder.h">
      <Filter>Header Files\Core</Filter>
    </ClInclude>
    <ClInclude Include="Source\Components\PhysicsComponent\ColliderComponent.h">
      <Filter>Header Files\Components\PhysicsComponent</Filter>
    </ClInclude>
    <ClInclude Include="Source\Components\PhysicsComponent\SpecialBodyComponent.h">
      <Filter>Header Files\Components\PhysicsComponent</Filter>
    </ClInclude>
    <ClInclude Include="Source\Systems\PhysicsSystem\Raycasting\Raycasting.h">
      <Filter>Header Files\Systems\PhysicsSystem\RayCasting</Filter>
    </ClInclude>
  </ItemGroup>
  <ItemGroup>
    <ClCompile Include="Source\utils\Log.cpp">
      <Filter>Source Files\utils</Filter>
    </ClCompile>
    <ClCompile Include="Source\Core\Engine.cpp">
      <Filter>Source Files\Core</Filter>
    </ClCompile>
    <ClCompile Include="Source\Core\main.cpp">
      <Filter>Source Files\Core</Filter>
    </ClCompile>
    <ClCompile Include="Source\Systems\GraphicsSystem\GraphicsSystem.cpp">
      <Filter>Source Files\Systems\GraphicsSystem</Filter>
    </ClCompile>
    <ClCompile Include="Source\Core\Shader.cpp">
      <Filter>Source Files\Core</Filter>
    </ClCompile>
    <ClCompile Include="Source\Core\Texture.cpp">
      <Filter>Source Files\Core</Filter>
    </ClCompile>
    <ClCompile Include="Source\Core\Camera.cpp">
      <Filter>Source Files\Core</Filter>
    </ClCompile>
    <ClCompile Include="Source\pch\pch.cpp">
      <Filter>pch</Filter>
    </ClCompile>
    <ClCompile Include="Source\glad.c">
      <Filter>Libraries</Filter>
    </ClCompile>
    <ClCompile Include="Source\stb.cpp">
      <Filter>Libraries</Filter>
    </ClCompile>
    <ClCompile Include="Libraries\include\imgui\imgui.cpp">
      <Filter>Libraries\imgui</Filter>
    </ClCompile>
    <ClCompile Include="Libraries\include\imgui\imgui_demo.cpp">
      <Filter>Libraries\imgui</Filter>
    </ClCompile>
    <ClCompile Include="Libraries\include\imgui\imgui_draw.cpp">
      <Filter>Libraries\imgui</Filter>
    </ClCompile>
    <ClCompile Include="Libraries\include\imgui\imgui_impl_glfw.cpp">
      <Filter>Libraries\imgui</Filter>
    </ClCompile>
    <ClCompile Include="Libraries\include\imgui\imgui_impl_opengl3.cpp">
      <Filter>Libraries\imgui</Filter>
    </ClCompile>
    <ClCompile Include="Libraries\include\imgui\imgui_tables.cpp">
      <Filter>Libraries\imgui</Filter>
    </ClCompile>
    <ClCompile Include="Libraries\include\imgui\imgui_widgets.cpp">
      <Filter>Libraries\imgui</Filter>
    </ClCompile>
    <ClCompile Include="Source\Systems\InputSystem\InputManager.cpp">
      <Filter>Source Files\Systems\InputSystem</Filter>
    </ClCompile>
    <ClCompile Include="Source\Core\FramerateControlSystem\FramerateController.cpp">
      <Filter>Source Files\Systems\FramerateControlSystem</Filter>
    </ClCompile>
    <ClCompile Include="Source\Systems\ProfileSystem\ProfileSystem.cpp">
      <Filter>Source Files\Systems\ProfileSystem</Filter>
    </ClCompile>
    <ClCompile Include="Source\Systems\UISystem\UISystem.cpp">
      <Filter>Source Files\Systems\UISystem</Filter>
    </ClCompile>
    <ClCompile Include="Source\utils\Timer.cpp">
      <Filter>Source Files\utils</Filter>
    </ClCompile>
    <ClCompile Include="Source\Core\ComponentPool.cpp">
      <Filter>Source Files\Core</Filter>
    </ClCompile>
    <ClCompile Include="Source\Components\ModelComponent\ModelComponent.cpp">
      <Filter>Source Files\Components\ModelComponent</Filter>
    </ClCompile>
    <ClCompile Include="Source\Systems\GraphicsSystem\Skybox\Skybox.cpp">
      <Filter>Source Files\Systems\GraphicsSystem\Skybox</Filter>
    </ClCompile>
    <ClCompile Include="Source\Systems\CommandSystem\Command.cpp">
      <Filter>Source Files\Systems\CommandSystem</Filter>
    </ClCompile>
    <ClCompile Include="Source\Systems\CommandSystem\CommandSystem.cpp">
      <Filter>Source Files\Systems\CommandSystem</Filter>
    </ClCompile>
    <ClCompile Include="Source\Core\IndexBuffer.cpp">
      <Filter>Source Files\Core</Filter>
    </ClCompile>
    <ClCompile Include="Source\Core\Mesh.cpp">
      <Filter>Source Files\Core</Filter>
    </ClCompile>
    <ClCompile Include="Source\Core\VertexBuffer.cpp">
      <Filter>Source Files\Core</Filter>
    </ClCompile>
    <ClCompile Include="Source\Core\Model.cpp">
      <Filter>Source Files\Core</Filter>
    </ClCompile>
    <ClCompile Include="Source\utils\VQS.cpp">
      <Filter>Source Files\utils</Filter>
    </ClCompile>
    <ClCompile Include="Source\Components\TransformComponent\TransformComponent.cpp">
      <Filter>Source Files\Components\TransformComponent</Filter>
    </ClCompile>
    <ClCompile Include="Source\Components\MaterialComponent\Material.cpp">
      <Filter>Source Files\Components\MaterialComponent</Filter>
    </ClCompile>
    <ClCompile Include="Source\Components\MaterialComponent\MaterialComponent.cpp">
      <Filter>Source Files\Components\MaterialComponent</Filter>
    </ClCompile>
    <ClCompile Include="Source\Systems\AudioSystem\AudioSystem.cpp">
      <Filter>Source Files\Systems\AudioSystem</Filter>
    </ClCompile>
    <ClCompile Include="Source\utils\common.cpp">
      <Filter>Source Files\utils</Filter>
    </ClCompile>
    <ClCompile Include="Source\utils\common_platform.cpp">
      <Filter>Source Files\utils</Filter>
    </ClCompile>
    <ClCompile Include="Source\Components\LightComponent\Light.cpp">
      <Filter>Source Files\Components\LightComponent</Filter>
    </ClCompile>
    <ClCompile Include="Source\Components\LightComponent\LightComponent.cpp">
      <Filter>Source Files\Components\LightComponent</Filter>
    </ClCompile>
    <ClCompile Include="Source\Systems\GraphicsSystem\Quad.cpp">
      <Filter>Source Files\Systems\GraphicsSystem</Filter>
    </ClCompile>
    <ClCompile Include="Source\Systems\GraphicsSystem\DeferredRenderer\DeferredRenderer.cpp">
      <Filter>Source Files\Systems\GraphicsSystem\DeferredRenderer</Filter>
    </ClCompile>
    <ClCompile Include="Source\Components\GameLogicCategoryComponent\GameLogicCategoryComponent.cpp">
      <Filter>Source Files\Components\GameLogicCategoryComponent</Filter>
    </ClCompile>
    <ClCompile Include="Source\Core\GameObjectFactory.cpp">
      <Filter>Source Files\Core</Filter>
    </ClCompile>
    <ClCompile Include="Source\Systems\EntitySystem\EntitySystem.cpp">
      <Filter>Source Files\Systems\EntitySystem</Filter>
    </ClCompile>
    <ClCompile Include="Source\Systems\GraphicsSystem\Shadow\Shadow.cpp">
      <Filter>Source Files\Systems\GraphicsSystem\Shadow</Filter>
    </ClCompile>
    <ClCompile Include="Source\Systems\ScriptSystem\LuaHookFunctions.cpp">
      <Filter>Source Files\Systems\ScriptSystem</Filter>
    </ClCompile>
    <ClCompile Include="Source\Systems\GraphicsSystem\FBO.cpp">
      <Filter>Source Files\Systems\GraphicsSystem</Filter>
    </ClCompile>
    <ClCompile Include="Source\Systems\GraphicsSystem\PostProcess\PostProcess.cpp">
      <Filter>Source Files\Systems\GraphicsSystem\PostProcess</Filter>
    </ClCompile>
    <ClCompile Include="Source\Systems\GraphicsSystem\DebugRender\DebugRender.cpp">
      <Filter>Source Files\Systems\GraphicsSystem\DebugRender</Filter>
    </ClCompile>
    <ClCompile Include="Source\Systems\SceneSystem\SceneSystem.cpp">
      <Filter>Source Files\Systems\SceneSystem</Filter>
    </ClCompile>
    <ClCompile Include="Source\Systems\GraphicsSystem\OIT\OIT.cpp">
      <Filter>Source Files\Systems\GraphicsSystem\OIT</Filter>
    </ClCompile>
    <ClCompile Include="Source\Components\PhysicsComponent\StillBodyComponent.cpp">
      <Filter>Source Files\Components\PhysicsComponent</Filter>
    </ClCompile>
    <ClCompile Include="Source\Components\PhysicsComponent\MovingBodyComponent.cpp">
      <Filter>Source Files\Components\PhysicsComponent</Filter>
    </ClCompile>
    <ClCompile Include="Source\Components\PhysicsComponent\Collider.cpp">
      <Filter>Source Files\Components\PhysicsComponent</Filter>
    </ClCompile>
    <ClCompile Include="Source\Components\PhysicsComponent\RigidBody.cpp">
      <Filter>Source Files\Components\PhysicsComponent</Filter>
    </ClCompile>
    <ClCompile Include="Source\Systems\PhysicsSystem\PhysicsSystem.cpp">
      <Filter>Source Files\Systems\PhysicsSystem</Filter>
    </ClCompile>
    <ClCompile Include="Source\Systems\PhysicsSystem\Collision\CollisionFunctions.cpp">
      <Filter>Source Files\Systems\PhysicsSystem\Collision</Filter>
    </ClCompile>
    <ClCompile Include="Source\Systems\GraphicsSystem\ParticleSystem\ParticleSystem.cpp">
      <Filter>Source Files\Systems\GraphicsSystem\ParticleSystem</Filter>
    </ClCompile>
    <ClCompile Include="Source\Systems\GraphicsSystem\Sky\Sky.cpp">
      <Filter>Source Files\Systems\GraphicsSystem\Sky</Filter>
    </ClCompile>
    <ClCompile Include="Source\Systems\ScriptSystem\ScriptSystem.cpp">
      <Filter>Source Files\Systems\ScriptSystem</Filter>
    </ClCompile>
    <ClCompile Include="Source\Core\Pathfinder.cpp">
      <Filter>Source Files\Core</Filter>
    </ClCompile>
    <ClCompile Include="Source\Systems\PhysicsSystem\Raycasting\Raycasting.cpp">
      <Filter>Source Files\Systems\PhysicsSystem\RayCasting</Filter>
    </ClCompile>
    <ClCompile Include="Source\Systems\CommandSystem\DirectionCommand.cpp">
      <Filter>Source Files\Systems\CommandSystem</Filter>
    </ClCompile>
    <ClCompile Include="Source\Components\TagComponent\TagComponent.cpp">
      <Filter>Source Files\Components\TagComponent</Filter>
    </ClCompile>
    <ClCompile Include="Source\Systems\LevelEditorSystem\LevelEditorSystem.cpp">
      <Filter>Source Files\Systems\LevelEditorSystem</Filter>
    </ClCompile>
    <ClCompile Include="Source\Components\PhysicsComponent\SpecialBodyComponent.cpp">
      <Filter>Source Files\Components\PhysicsComponent</Filter>
    </ClCompile>
    <ClCompile Include="Source\Components\PhysicsComponent\ColliderComponent.cpp">
      <Filter>Source Files\Components\PhysicsComponent</Filter>
    </ClCompile>
  </ItemGroup>
  <ItemGroup>
    <Media Include="..\SandBox1\Assets\audio\Dash.wav">
      <Filter>SandBox1\audio</Filter>
    </Media>
    <Media Include="..\SandBox1\Assets\audio\DeadEffect.wav">
      <Filter>SandBox1\audio</Filter>
    </Media>
    <Media Include="..\SandBox1\Assets\audio\DeadEffectRev.wav">
      <Filter>SandBox1\audio</Filter>
    </Media>
    <Media Include="..\SandBox1\Assets\audio\JumpSFX.wav">
      <Filter>SandBox1\audio</Filter>
    </Media>
    <Media Include="..\SandBox1\Assets\audio\jumpSFX2.wav">
      <Filter>SandBox1\audio</Filter>
    </Media>
    <Media Include="..\SandBox1\Assets\audio\Lonely.wav">
      <Filter>SandBox1\audio</Filter>
    </Media>
    <Media Include="..\SandBox1\Assets\audio\Lonely_2.wav">
      <Filter>SandBox1\audio</Filter>
    </Media>
    <Media Include="..\SandBox1\Assets\audio\Maozon &amp; C-Show - Realize feat. Kyte (MV).mp3">
      <Filter>SandBox1\audio</Filter>
    </Media>
    <Media Include="..\SandBox1\Assets\audio\SaberRelay.mp3">
      <Filter>SandBox1\audio</Filter>
    </Media>
    <Media Include="..\SandBox1\Assets\audio\Vapor.mp3">
      <Filter>SandBox1\audio</Filter>
    </Media>
    <Media Include="..\SandBox1\Assets\audio\Vapor.wav">
      <Filter>SandBox1\audio</Filter>
    </Media>
    <Media Include="..\SandBox1\Assets\audio\VaporMaster.wav">
      <Filter>SandBox1\audio</Filter>
    </Media>
    <Media Include="..\SandBox1\Assets\audio\WinEffect.wav">
      <Filter>SandBox1\audio</Filter>
    </Media>
  </ItemGroup>
</Project>